// !$*UTF8*$!
{
	archiveVersion = 1;
	classes = {
	};
	objectVersion = 46;
	objects = {

/* Begin PBXBuildFile section */
		CA1211881BCE8E8E00C0C939 /* AppDelegate.swift in Sources */ = {isa = PBXBuildFile; fileRef = CA1211871BCE8E8E00C0C939 /* AppDelegate.swift */; };
		CA12118A1BCE8E8E00C0C939 /* ViewController.swift in Sources */ = {isa = PBXBuildFile; fileRef = CA1211891BCE8E8E00C0C939 /* ViewController.swift */; };
		CA12118D1BCE8E8E00C0C939 /* Main.storyboard in Resources */ = {isa = PBXBuildFile; fileRef = CA12118B1BCE8E8E00C0C939 /* Main.storyboard */; };
		CA12118F1BCE8E8E00C0C939 /* Images.xcassets in Resources */ = {isa = PBXBuildFile; fileRef = CA12118E1BCE8E8E00C0C939 /* Images.xcassets */; };
		CA1211921BCE8E8E00C0C939 /* LaunchScreen.xib in Resources */ = {isa = PBXBuildFile; fileRef = CA1211901BCE8E8E00C0C939 /* LaunchScreen.xib */; };
		CA12119E1BCE8E8F00C0C939 /* UITableViewSearchusingSwiftTests.swift in Sources */ = {isa = PBXBuildFile; fileRef = CA12119D1BCE8E8F00C0C939 /* UITableViewSearchusingSwiftTests.swift */; };
/* End PBXBuildFile section */

/* Begin PBXContainerItemProxy section */
		CA1211981BCE8E8F00C0C939 /* PBXContainerItemProxy */ = {
			isa = PBXContainerItemProxy;
			containerPortal = CA12117A1BCE8E8E00C0C939 /* Project object */;
			proxyType = 1;
			remoteGlobalIDString = CA1211811BCE8E8E00C0C939;
			remoteInfo = UITableViewSearchusingSwift;
		};
/* End PBXContainerItemProxy section */

/* Begin PBXFileReference section */
		CA1211821BCE8E8E00C0C939 /* UITableViewSearchusingSwift.app */ = {isa = PBXFileReference; explicitFileType = wrapper.application; includeInIndex = 0; path = UITableViewSearchusingSwift.app; sourceTree = BUILT_PRODUCTS_DIR; };
		CA1211861BCE8E8E00C0C939 /* Info.plist */ = {isa = PBXFileReference; lastKnownFileType = text.plist.xml; path = Info.plist; sourceTree = "<group>"; };
		CA1211871BCE8E8E00C0C939 /* AppDelegate.swift */ = {isa = PBXFileReference; lastKnownFileType = sourcecode.swift; path = AppDelegate.swift; sourceTree = "<group>"; };
		CA1211891BCE8E8E00C0C939 /* ViewController.swift */ = {isa = PBXFileReference; lastKnownFileType = sourcecode.swift; path = ViewController.swift; sourceTree = "<group>"; };
		CA12118C1BCE8E8E00C0C939 /* Base */ = {isa = PBXFileReference; lastKnownFileType = file.storyboard; name = Base; path = Base.lproj/Main.storyboard; sourceTree = "<group>"; };
		CA12118E1BCE8E8E00C0C939 /* Images.xcassets */ = {isa = PBXFileReference; lastKnownFileType = folder.assetcatalog; path = Images.xcassets; sourceTree = "<group>"; };
		CA1211911BCE8E8E00C0C939 /* Base */ = {isa = PBXFileReference; lastKnownFileType = file.xib; name = Base; path = Base.lproj/LaunchScreen.xib; sourceTree = "<group>"; };
		CA1211971BCE8E8F00C0C939 /* UITableViewSearchusingSwiftTests.xctest */ = {isa = PBXFileReference; explicitFileType = wrapper.cfbundle; includeInIndex = 0; path = UITableViewSearchusingSwiftTests.xctest; sourceTree = BUILT_PRODUCTS_DIR; };
		CA12119C1BCE8E8F00C0C939 /* Info.plist */ = {isa = PBXFileReference; lastKnownFileType = text.plist.xml; path = Info.plist; sourceTree = "<group>"; };
		CA12119D1BCE8E8F00C0C939 /* UITableViewSearchusingSwiftTests.swift */ = {isa = PBXFileReference; lastKnownFileType = sourcecode.swift; path = UITableViewSearchusingSwiftTests.swift; sourceTree = "<group>"; };
/* End PBXFileReference section */

/* Begin PBXFrameworksBuildPhase section */
		CA12117F1BCE8E8E00C0C939 /* Frameworks */ = {
			isa = PBXFrameworksBuildPhase;
			buildActionMask = 2147483647;
			files = (
			);
			runOnlyForDeploymentPostprocessing = 0;
		};
		CA1211941BCE8E8F00C0C939 /* Frameworks */ = {
			isa = PBXFrameworksBuildPhase;
			buildActionMask = 2147483647;
			files = (
			);
			runOnlyForDeploymentPostprocessing = 0;
		};
/* End PBXFrameworksBuildPhase section */

/* Begin PBXGroup section */
		CA1211791BCE8E8E00C0C939 = {
			isa = PBXGroup;
			children = (
				CA1211841BCE8E8E00C0C939 /* UITableViewSearchusingSwift */,
				CA12119A1BCE8E8F00C0C939 /* UITableViewSearchusingSwiftTests */,
				CA1211831BCE8E8E00C0C939 /* Products */,
			);
			sourceTree = "<group>";
		};
		CA1211831BCE8E8E00C0C939 /* Products */ = {
			isa = PBXGroup;
			children = (
				CA1211821BCE8E8E00C0C939 /* UITableViewSearchusingSwift.app */,
				CA1211971BCE8E8F00C0C939 /* UITableViewSearchusingSwiftTests.xctest */,
			);
			name = Products;
			sourceTree = "<group>";
		};
		CA1211841BCE8E8E00C0C939 /* UITableViewSearchusingSwift */ = {
			isa = PBXGroup;
			children = (
				CA1211871BCE8E8E00C0C939 /* AppDelegate.swift */,
				CA12118B1BCE8E8E00C0C939 /* Main.storyboard */,
				CA1211891BCE8E8E00C0C939 /* ViewController.swift */,
				CA12118E1BCE8E8E00C0C939 /* Images.xcassets */,
				CA1211901BCE8E8E00C0C939 /* LaunchScreen.xib */,
				CA1211851BCE8E8E00C0C939 /* Supporting Files */,
			);
			path = UITableViewSearchusingSwift;
			sourceTree = "<group>";
		};
		CA1211851BCE8E8E00C0C939 /* Supporting Files */ = {
			isa = PBXGroup;
			children = (
				CA1211861BCE8E8E00C0C939 /* Info.plist */,
			);
			name = "Supporting Files";
			sourceTree = "<group>";
		};
		CA12119A1BCE8E8F00C0C939 /* UITableViewSearchusingSwiftTests */ = {
			isa = PBXGroup;
			children = (
				CA12119D1BCE8E8F00C0C939 /* UITableViewSearchusingSwiftTests.swift */,
				CA12119B1BCE8E8F00C0C939 /* Supporting Files */,
			);
			path = UITableViewSearchusingSwiftTests;
			sourceTree = "<group>";
		};
		CA12119B1BCE8E8F00C0C939 /* Supporting Files */ = {
			isa = PBXGroup;
			children = (
				CA12119C1BCE8E8F00C0C939 /* Info.plist */,
			);
			name = "Supporting Files";
			sourceTree = "<group>";
		};
/* End PBXGroup section */

/* Begin PBXNativeTarget section */
		CA1211811BCE8E8E00C0C939 /* UITableViewSearchusingSwift */ = {
			isa = PBXNativeTarget;
			buildConfigurationList = CA1211A11BCE8E8F00C0C939 /* Build configuration list for PBXNativeTarget "UITableViewSearchusingSwift" */;
			buildPhases = (
				CA12117E1BCE8E8E00C0C939 /* Sources */,
				CA12117F1BCE8E8E00C0C939 /* Frameworks */,
				CA1211801BCE8E8E00C0C939 /* Resources */,
			);
			buildRules = (
			);
			dependencies = (
			);
			name = UITableViewSearchusingSwift;
			productName = UITableViewSearchusingSwift;
			productReference = CA1211821BCE8E8E00C0C939 /* UITableViewSearchusingSwift.app */;
			productType = "com.apple.product-type.application";
		};
		CA1211961BCE8E8F00C0C939 /* UITableViewSearchusingSwiftTests */ = {
			isa = PBXNativeTarget;
			buildConfigurationList = CA1211A41BCE8E8F00C0C939 /* Build configuration list for PBXNativeTarget "UITableViewSearchusingSwiftTests" */;
			buildPhases = (
				CA1211931BCE8E8F00C0C939 /* Sources */,
				CA1211941BCE8E8F00C0C939 /* Frameworks */,
				CA1211951BCE8E8F00C0C939 /* Resources */,
			);
			buildRules = (
			);
			dependencies = (
				CA1211991BCE8E8F00C0C939 /* PBXTargetDependency */,
			);
			name = UITableViewSearchusingSwiftTests;
			productName = UITableViewSearchusingSwiftTests;
			productReference = CA1211971BCE8E8F00C0C939 /* UITableViewSearchusingSwiftTests.xctest */;
			productType = "com.apple.product-type.bundle.unit-test";
		};
/* End PBXNativeTarget section */

/* Begin PBXProject section */
		CA12117A1BCE8E8E00C0C939 /* Project object */ = {
			isa = PBXProject;
			attributes = {
				LastUpgradeCheck = 0630;
				ORGANIZATIONNAME = iHartDevelopers;
				TargetAttributes = {
					CA1211811BCE8E8E00C0C939 = {
						CreatedOnToolsVersion = 6.3.2;
					};
					CA1211961BCE8E8F00C0C939 = {
						CreatedOnToolsVersion = 6.3.2;
						TestTargetID = CA1211811BCE8E8E00C0C939;
					};
				};
			};
			buildConfigurationList = CA12117D1BCE8E8E00C0C939 /* Build configuration list for PBXProject "UITableViewSearchusingSwift" */;
			compatibilityVersion = "Xcode 3.2";
			developmentRegion = English;
			hasScannedForEncodings = 0;
			knownRegions = (
				en,
				Base,
			);
			mainGroup = CA1211791BCE8E8E00C0C939;
			productRefGroup = CA1211831BCE8E8E00C0C939 /* Products */;
			projectDirPath = "";
			projectRoot = "";
			targets = (
				CA1211811BCE8E8E00C0C939 /* UITableViewSearchusingSwift */,
				CA1211961BCE8E8F00C0C939 /* UITableViewSearchusingSwiftTests */,
			);
		};
/* End PBXProject section */

/* Begin PBXResourcesBuildPhase section */
		CA1211801BCE8E8E00C0C939 /* Resources */ = {
			isa = PBXResourcesBuildPhase;
			buildActionMask = 2147483647;
			files = (
				CA12118D1BCE8E8E00C0C939 /* Main.storyboard in Resources */,
				CA1211921BCE8E8E00C0C939 /* LaunchScreen.xib in Resources */,
				CA12118F1BCE8E8E00C0C939 /* Images.xcassets in Resources */,
			);
			runOnlyForDeploymentPostprocessing = 0;
		};
		CA1211951BCE8E8F00C0C939 /* Resources */ = {
			isa = PBXResourcesBuildPhase;
			buildActionMask = 2147483647;
			files = (
			);
			runOnlyForDeploymentPostprocessing = 0;
		};
/* End PBXResourcesBuildPhase section */

/* Begin PBXSourcesBuildPhase section */
		CA12117E1BCE8E8E00C0C939 /* Sources */ = {
			isa = PBXSourcesBuildPhase;
			buildActionMask = 2147483647;
			files = (
				CA12118A1BCE8E8E00C0C939 /* ViewController.swift in Sources */,
				CA1211881BCE8E8E00C0C939 /* AppDelegate.swift in Sources */,
			);
			runOnlyForDeploymentPostprocessing = 0;
		};
		CA1211931BCE8E8F00C0C939 /* Sources */ = {
			isa = PBXSourcesBuildPhase;
			buildActionMask = 2147483647;
			files = (
				CA12119E1BCE8E8F00C0C939 /* UITableViewSearchusingSwiftTests.swift in Sources */,
			);
			runOnlyForDeploymentPostprocessing = 0;
		};
/* End PBXSourcesBuildPhase section */

/* Begin PBXTargetDependency section */
		CA1211991BCE8E8F00C0C939 /* PBXTargetDependency */ = {
			isa = PBXTargetDependency;
			target = CA1211811BCE8E8E00C0C939 /* UITableViewSearchusingSwift */;
			targetProxy = CA1211981BCE8E8F00C0C939 /* PBXContainerItemProxy */;
		};
/* End PBXTargetDependency section */

/* Begin PBXVariantGroup section */
		CA12118B1BCE8E8E00C0C939 /* Main.storyboard */ = {
			isa = PBXVariantGroup;
			children = (
				CA12118C1BCE8E8E00C0C939 /* Base */,
			);
			name = Main.storyboard;
			sourceTree = "<group>";
		};
		CA1211901BCE8E8E00C0C939 /* LaunchScreen.xib */ = {
			isa = PBXVariantGroup;
			children = (
				CA1211911BCE8E8E00C0C939 /* Base */,
			);
			name = LaunchScreen.xib;
			sourceTree = "<group>";
		};
/* End PBXVariantGroup section */

/* Begin XCBuildConfiguration section */
		CA12119F1BCE8E8F00C0C939 /* Debug */ = {
			isa = XCBuildConfiguration;
			buildSettings = {
				ALWAYS_SEARCH_USER_PATHS = NO;
				CLANG_CXX_LANGUAGE_STANDARD = "gnu++0x";
				CLANG_CXX_LIBRARY = "libc++";
				CLANG_ENABLE_MODULES = YES;
				CLANG_ENABLE_OBJC_ARC = YES;
				CLANG_WARN_BOOL_CONVERSION = YES;
				CLANG_WARN_CONSTANT_CONVERSION = YES;
				CLANG_WARN_DIRECT_OBJC_ISA_USAGE = YES_ERROR;
				CLANG_WARN_EMPTY_BODY = YES;
				CLANG_WARN_ENUM_CONVERSION = YES;
				CLANG_WARN_INT_CONVERSION = YES;
				CLANG_WARN_OBJC_ROOT_CLASS = YES_ERROR;
				CLANG_WARN_UNREACHABLE_CODE = YES;
				CLANG_WARN__DUPLICATE_METHOD_MATCH = YES;
				"CODE_SIGN_IDENTITY[sdk=iphoneos*]" = "iPhone Developer";
				COPY_PHASE_STRIP = NO;
				DEBUG_INFORMATION_FORMAT = "dwarf-with-dsym";
				ENABLE_STRICT_OBJC_MSGSEND = YES;
				GCC_C_LANGUAGE_STANDARD = gnu99;
				GCC_DYNAMIC_NO_PIC = NO;
				GCC_NO_COMMON_BLOCKS = YES;
				GCC_OPTIMIZATION_LEVEL = 0;
				GCC_PREPROCESSOR_DEFINITIONS = (
					"DEBUG=1",
					"$(inherited)",
				);
				GCC_SYMBOLS_PRIVATE_EXTERN = NO;
				GCC_WARN_64_TO_32_BIT_CONVERSION = YES;
				GCC_WARN_ABOUT_RETURN_TYPE = YES_ERROR;
				GCC_WARN_UNDECLARED_SELECTOR = YES;
				GCC_WARN_UNINITIALIZED_AUTOS = YES_AGGRESSIVE;
				GCC_WARN_UNUSED_FUNCTION = YES;
				GCC_WARN_UNUSED_VARIABLE = YES;
				IPHONEOS_DEPLOYMENT_TARGET = 8.3;
				MTL_ENABLE_DEBUG_INFO = YES;
				ONLY_ACTIVE_ARCH = YES;
				SDKROOT = iphoneos;
				SWIFT_OPTIMIZATION_LEVEL = "-Onone";
			};
			name = Debug;
		};
		CA1211A01BCE8E8F00C0C939 /* Release */ = {
			isa = XCBuildConfiguration;
			buildSettings = {
				ALWAYS_SEARCH_USER_PATHS = NO;
				CLANG_CXX_LANGUAGE_STANDARD = "gnu++0x";
				CLANG_CXX_LIBRARY = "libc++";
				CLANG_ENABLE_MODULES = YES;
				CLANG_ENABLE_OBJC_ARC = YES;
				CLANG_WARN_BOOL_CONVERSION = YES;
				CLANG_WARN_CONSTANT_CONVERSION = YES;
				CLANG_WARN_DIRECT_OBJC_ISA_USAGE = YES_ERROR;
				CLANG_WARN_EMPTY_BODY = YES;
				CLANG_WARN_ENUM_CONVERSION = YES;
				CLANG_WARN_INT_CONVERSION = YES;
				CLANG_WARN_OBJC_ROOT_CLASS = YES_ERROR;
				CLANG_WARN_UNREACHABLE_CODE = YES;
				CLANG_WARN__DUPLICATE_METHOD_MATCH = YES;
				"CODE_SIGN_IDENTITY[sdk=iphoneos*]" = "iPhone Developer";
				COPY_PHASE_STRIP = NO;
				DEBUG_INFORMATION_FORMAT = "dwarf-with-dsym";
				ENABLE_NS_ASSERTIONS = NO;
				ENABLE_STRICT_OBJC_MSGSEND = YES;
				GCC_C_LANGUAGE_STANDARD = gnu99;
				GCC_NO_COMMON_BLOCKS = YES;
				GCC_WARN_64_TO_32_BIT_CONVERSION = YES;
				GCC_WARN_ABOUT_RETURN_TYPE = YES_ERROR;
				GCC_WARN_UNDECLARED_SELECTOR = YES;
				GCC_WARN_UNINITIALIZED_AUTOS = YES_AGGRESSIVE;
				GCC_WARN_UNUSED_FUNCTION = YES;
				GCC_WARN_UNUSED_VARIABLE = YES;
				IPHONEOS_DEPLOYMENT_TARGET = 8.3;
				MTL_ENABLE_DEBUG_INFO = NO;
				SDKROOT = iphoneos;
				VALIDATE_PRODUCT = YES;
			};
			name = Release;
		};
		CA1211A21BCE8E8F00C0C939 /* Debug */ = {
			isa = XCBuildConfiguration;
			buildSettings = {
				ASSETCATALOG_COMPILER_APPICON_NAME = AppIcon;
				INFOPLIST_FILE = UITableViewSearchusingSwift/Info.plist;
				LD_RUNPATH_SEARCH_PATHS = "$(inherited) @executable_path/Frameworks";
				PRODUCT_NAME = "$(TARGET_NAME)";
			};
			name = Debug;
		};
		CA1211A31BCE8E8F00C0C939 /* Release */ = {
			isa = XCBuildConfiguration;
			buildSettings = {
				ASSETCATALOG_COMPILER_APPICON_NAME = AppIcon;
				INFOPLIST_FILE = UITableViewSearchusingSwift/Info.plist;
				LD_RUNPATH_SEARCH_PATHS = "$(inherited) @executable_path/Frameworks";
				PRODUCT_NAME = "$(TARGET_NAME)";
			};
			name = Release;
		};
		CA1211A51BCE8E8F00C0C939 /* Debug */ = {
			isa = XCBuildConfiguration;
			buildSettings = {
				BUNDLE_LOADER = "$(TEST_HOST)";
				FRAMEWORK_SEARCH_PATHS = (
					"$(SDKROOT)/Developer/Library/Frameworks",
					"$(inherited)",
				);
				GCC_PREPROCESSOR_DEFINITIONS = (
					"DEBUG=1",
					"$(inherited)",
				);
				INFOPLIST_FILE = UITableViewSearchusingSwiftTests/Info.plist;
				LD_RUNPATH_SEARCH_PATHS = "$(inherited) @executable_path/Frameworks @loader_path/Frameworks";
				PRODUCT_NAME = "$(TARGET_NAME)";
				TEST_HOST = "$(BUILT_PRODUCTS_DIR)/UITableViewSearchusingSwift.app/UITableViewSearchusingSwift";
			};
			name = Debug;
		};
		CA1211A61BCE8E8F00C0C939 /* Release */ = {
			isa = XCBuildConfiguration;
			buildSettings = {
				BUNDLE_LOADER = "$(TEST_HOST)";
				FRAMEWORK_SEARCH_PATHS = (
					"$(SDKROOT)/Developer/Library/Frameworks",
					"$(inherited)",
				);
				INFOPLIST_FILE = UITableViewSearchusingSwiftTests/Info.plist;
				LD_RUNPATH_SEARCH_PATHS = "$(inherited) @executable_path/Frameworks @loader_path/Frameworks";
				PRODUCT_NAME = "$(TARGET_NAME)";
				TEST_HOST = "$(BUILT_PRODUCTS_DIR)/UITableViewSearchusingSwift.app/UITableViewSearchusingSwift";
			};
			name = Release;
		};
/* End XCBuildConfiguration section */

/* Begin XCConfigurationList section */
		CA12117D1BCE8E8E00C0C939 /* Build configuration list for PBXProject "UITableViewSearchusingSwift" */ = {
			isa = XCConfigurationList;
			buildConfigurations = (
				CA12119F1BCE8E8F00C0C939 /* Debug */,
				CA1211A01BCE8E8F00C0C939 /* Release */,
			);
			defaultConfigurationIsVisible = 0;
			defaultConfigurationName = Release;
		};
		CA1211A11BCE8E8F00C0C939 /* Build configuration list for PBXNativeTarget "UITableViewSearchusingSwift" */ = {
			isa = XCConfigurationList;
			buildConfigurations = (
				CA1211A21BCE8E8F00C0C939 /* Debug */,
				CA1211A31BCE8E8F00C0C939 /* Release */,
			);
			defaultConfigurationIsVisible = 0;
		};
		CA1211A41BCE8E8F00C0C939 /* Build configuration list for PBXNativeTarget "UITableViewSearchusingSwiftTests" */ = {
			isa = XCConfigurationList;
			buildConfigurations = (
				CA1211A51BCE8E8F00C0C939 /* Debug */,
				CA1211A61BCE8E8F00C0C939 /* Release */,
			);
			defaultConfigurationIsVisible = 0;
		};
/* End XCConfigurationList section */
	};
	rootObject = CA12117A1BCE8E8E00C0C939 /* Project object */;
}
